
Microsoft Visual Studio Solution File, Format Version 12.00
# Visual Studio Version 16
VisualStudioVersion = 16.0.32602.291
MinimumVisualStudioVersion = 10.0.40219.1
Project("{9A19103F-16F7-4668-BE54-9A1E7A4F7556}") = "AutomotrizApp", "AutomotrizApp\AutomotrizApp.csproj", "{BA2F6E11-4992-43B5-8DDF-B6A277A8A4AC}"
EndProject
Project("{9A19103F-16F7-4668-BE54-9A1E7A4F7556}") = "AutomotrizFront", "AutomotrizFront\AutomotrizFront.csproj", "{D899ED8E-6173-488E-A5DB-5477F3179B28}"
EndProject
Project("{FAE04EC0-301F-11D3-BF4B-00C04F79EFBC}") = "ApiAutomotriz", "ApiAutomotriz\ApiAutomotriz.csproj", "{C1642627-F61B-4D1A-A4C7-3DE47B9BC67C}"
EndProject
Global
	GlobalSection(SolutionConfigurationPlatforms) = preSolution
		Debug|Any CPU = Debug|Any CPU
		Release|Any CPU = Release|Any CPU
	EndGlobalSection
	GlobalSection(ProjectConfigurationPlatforms) = postSolution
		{BA2F6E11-4992-43B5-8DDF-B6A277A8A4AC}.Debug|Any CPU.ActiveCfg = Debug|Any CPU
		{BA2F6E11-4992-43B5-8DDF-B6A277A8A4AC}.Debug|Any CPU.Build.0 = Debug|Any CPU
		{BA2F6E11-4992-43B5-8DDF-B6A277A8A4AC}.Release|Any CPU.ActiveCfg = Release|Any CPU
		{BA2F6E11-4992-43B5-8DDF-B6A277A8A4AC}.Release|Any CPU.Build.0 = Release|Any CPU
		{D899ED8E-6173-488E-A5DB-5477F3179B28}.Debug|Any CPU.ActiveCfg = Debug|Any CPU
		{D899ED8E-6173-488E-A5DB-5477F3179B28}.Debug|Any CPU.Build.0 = Debug|Any CPU
		{D899ED8E-6173-488E-A5DB-5477F3179B28}.Release|Any CPU.ActiveCfg = Release|Any CPU
		{D899ED8E-6173-488E-A5DB-5477F3179B28}.Release|Any CPU.Build.0 = Release|Any CPU
		{C1642627-F61B-4D1A-A4C7-3DE47B9BC67C}.Debug|Any CPU.ActiveCfg = Debug|Any CPU
		{C1642627-F61B-4D1A-A4C7-3DE47B9BC67C}.Debug|Any CPU.Build.0 = Debug|Any CPU
		{C1642627-F61B-4D1A-A4C7-3DE47B9BC67C}.Release|Any CPU.ActiveCfg = Release|Any CPU
		{C1642627-F61B-4D1A-A4C7-3DE47B9BC67C}.Release|Any CPU.Build.0 = Release|Any CPU
	EndGlobalSection
	GlobalSection(SolutionProperties) = preSolution
		HideSolutionNode = FALSE
	EndGlobalSection
	GlobalSection(ExtensibilityGlobals) = postSolution
		SolutionGuid = {5F0FB9C3-85A3-49EF-BF20-50999DCF7CE5}
	EndGlobalSection
EndGlobal
